# This file is automatically @generated by Cargo.
# It is not intended for manual editing.
version = 4

[[package]]
name = "luna-api"
version = "0.0.1"

[[package]]
name = "luna-apu"
version = "0.0.1"

[[package]]
name = "luna-async"
version = "0.0.1"

[[package]]
name = "luna-bus"
version = "0.0.1"

[[package]]
name = "luna-cartridge"
version = "0.0.1"

[[package]]
name = "luna-cli"
version = "0.0.1"

[[package]]
name = "luna-coproc"
version = "0.0.1"

[[package]]
name = "luna-core"
version = "0.0.1"

[[package]]
name = "luna-cpu-65c816"
version = "0.0.1"

[[package]]
name = "luna-cpu-spc700"
version = "0.0.1"

[[package]]
name = "luna-dma"
version = "0.0.1"

[[package]]
name = "luna-gui"
version = "0.0.1"

[[package]]
name = "luna-mcp-client"
version = "0.0.1"

[[package]]
name = "luna-mcp-core"
version = "0.0.1"

[[package]]
name = "luna-mcp-server"
version = "0.0.1"

[[package]]
name = "luna-overlay"
version = "0.0.1"

[[package]]
name = "luna-ppu"
version = "0.0.1"
